// !$*UTF8*$!
{
	archiveVersion = 1;
	classes = {
	};
	objectVersion = 56;
	objects = {

/* Begin PBXBuildFile section */
		812CD41029EB02C900ED30F0 /* AppDelegate.swift in Sources */ = {isa = PBXBuildFile; fileRef = 812CD40F29EB02C900ED30F0 /* AppDelegate.swift */; };
		812CD41929EC625800ED30F0 /* LiveActivitiesListViewModel.swift in Sources */ = {isa = PBXBuildFile; fileRef = 812CD41829EC625800ED30F0 /* LiveActivitiesListViewModel.swift */; };
		812CD41F29EC6C5400ED30F0 /* WidgetKit.framework in Frameworks */ = {isa = PBXBuildFile; fileRef = 81789F7B29D985ED0055CC53 /* WidgetKit.framework */; };
		812CD42029EC6C5400ED30F0 /* SwiftUI.framework in Frameworks */ = {isa = PBXBuildFile; fileRef = 81789F7D29D985ED0055CC53 /* SwiftUI.framework */; };
		812CD42329EC6C5400ED30F0 /* LiveActivityBundle.swift in Sources */ = {isa = PBXBuildFile; fileRef = 812CD42229EC6C5400ED30F0 /* LiveActivityBundle.swift */; };
		812CD42529EC6C5400ED30F0 /* LiveActivityLiveActivity.swift in Sources */ = {isa = PBXBuildFile; fileRef = 812CD42429EC6C5400ED30F0 /* LiveActivityLiveActivity.swift */; };
		812CD42929EC6C5600ED30F0 /* Assets.xcassets in Resources */ = {isa = PBXBuildFile; fileRef = 812CD42829EC6C5600ED30F0 /* Assets.xcassets */; };
		812CD42D29EC6C5600ED30F0 /* LiveActivityExtension.appex in Embed Foundation Extensions */ = {isa = PBXBuildFile; fileRef = 812CD41E29EC6C5400ED30F0 /* LiveActivityExtension.appex */; settings = {ATTRIBUTES = (RemoveHeadersOnCopy, ); }; };
		812CD43229EC6D6900ED30F0 /* LiveActivityAttributes.swift in Sources */ = {isa = PBXBuildFile; fileRef = 812CD43129EC6D6900ED30F0 /* LiveActivityAttributes.swift */; };
		812CD43329EC6D6B00ED30F0 /* LiveActivityAttributes.swift in Sources */ = {isa = PBXBuildFile; fileRef = 812CD43129EC6D6900ED30F0 /* LiveActivityAttributes.swift */; };
		81789F6E29D9777A0055CC53 /* LegoDelivery.swift in Sources */ = {isa = PBXBuildFile; fileRef = 81789F6D29D9777A0055CC53 /* LegoDelivery.swift */; };
		81789F7029D97B000055CC53 /* DeliveryDetails.swift in Sources */ = {isa = PBXBuildFile; fileRef = 81789F6F29D97B000055CC53 /* DeliveryDetails.swift */; };
		81789F7429D983BF0055CC53 /* DeliveryDetailsViewModel.swift in Sources */ = {isa = PBXBuildFile; fileRef = 81789F7329D983BF0055CC53 /* DeliveryDetailsViewModel.swift */; };
		81F5D59029D96E9A001BF4FA /* MainApp.swift in Sources */ = {isa = PBXBuildFile; fileRef = 81F5D58F29D96E9A001BF4FA /* MainApp.swift */; };
		81F5D59229D96E9A001BF4FA /* LiveActivitiesList.swift in Sources */ = {isa = PBXBuildFile; fileRef = 81F5D59129D96E9A001BF4FA /* LiveActivitiesList.swift */; };
		81F5D59429D96E9C001BF4FA /* Assets.xcassets in Resources */ = {isa = PBXBuildFile; fileRef = 81F5D59329D96E9C001BF4FA /* Assets.xcassets */; };
/* End PBXBuildFile section */

/* Begin PBXContainerItemProxy section */
		812CD42B29EC6C5600ED30F0 /* PBXContainerItemProxy */ = {
			isa = PBXContainerItemProxy;
			containerPortal = 81F5D58429D96E9A001BF4FA /* Project object */;
			proxyType = 1;
			remoteGlobalIDString = 812CD41D29EC6C5400ED30F0;
			remoteInfo = LiveActivityExtension;
		};
/* End PBXContainerItemProxy section */

/* Begin PBXCopyFilesBuildPhase section */
		81789F9229D985EE0055CC53 /* Embed Foundation Extensions */ = {
			isa = PBXCopyFilesBuildPhase;
			buildActionMask = 2147483647;
			dstPath = "";
			dstSubfolderSpec = 13;
			files = (
				812CD42D29EC6C5600ED30F0 /* LiveActivityExtension.appex in Embed Foundation Extensions */,
			);
			name = "Embed Foundation Extensions";
			runOnlyForDeploymentPostprocessing = 0;
		};
/* End PBXCopyFilesBuildPhase section */

/* Begin PBXFileReference section */
		812CD40E29EAF4D000ED30F0 /* WhereIsMyLego.plist */ = {isa = PBXFileReference; lastKnownFileType = text.plist.xml; path = WhereIsMyLego.plist; sourceTree = SOURCE_ROOT; };
		812CD40F29EB02C900ED30F0 /* AppDelegate.swift */ = {isa = PBXFileReference; lastKnownFileType = sourcecode.swift; path = AppDelegate.swift; sourceTree = "<group>"; };
		812CD41829EC625800ED30F0 /* LiveActivitiesListViewModel.swift */ = {isa = PBXFileReference; lastKnownFileType = sourcecode.swift; path = LiveActivitiesListViewModel.swift; sourceTree = "<group>"; };
		812CD41E29EC6C5400ED30F0 /* LiveActivityExtension.appex */ = {isa = PBXFileReference; explicitFileType = "wrapper.app-extension"; includeInIndex = 0; path = LiveActivityExtension.appex; sourceTree = BUILT_PRODUCTS_DIR; };
		812CD42229EC6C5400ED30F0 /* LiveActivityBundle.swift */ = {isa = PBXFileReference; lastKnownFileType = sourcecode.swift; path = LiveActivityBundle.swift; sourceTree = "<group>"; };
		812CD42429EC6C5400ED30F0 /* LiveActivityLiveActivity.swift */ = {isa = PBXFileReference; lastKnownFileType = sourcecode.swift; path = LiveActivityLiveActivity.swift; sourceTree = "<group>"; };
		812CD42829EC6C5600ED30F0 /* Assets.xcassets */ = {isa = PBXFileReference; lastKnownFileType = folder.assetcatalog; path = Assets.xcassets; sourceTree = "<group>"; };
		812CD42A29EC6C5600ED30F0 /* Info.plist */ = {isa = PBXFileReference; lastKnownFileType = text.plist.xml; path = Info.plist; sourceTree = "<group>"; };
		812CD43129EC6D6900ED30F0 /* LiveActivityAttributes.swift */ = {isa = PBXFileReference; lastKnownFileType = sourcecode.swift; path = LiveActivityAttributes.swift; sourceTree = "<group>"; };
		815ABEA529DB2E410034AC0B /* Where is my Lego.entitlements */ = {isa = PBXFileReference; lastKnownFileType = text.plist.entitlements; path = "Where is my Lego.entitlements"; sourceTree = "<group>"; };
		81789F6D29D9777A0055CC53 /* LegoDelivery.swift */ = {isa = PBXFileReference; lastKnownFileType = sourcecode.swift; path = LegoDelivery.swift; sourceTree = "<group>"; };
		81789F6F29D97B000055CC53 /* DeliveryDetails.swift */ = {isa = PBXFileReference; lastKnownFileType = sourcecode.swift; path = DeliveryDetails.swift; sourceTree = "<group>"; };
		81789F7329D983BF0055CC53 /* DeliveryDetailsViewModel.swift */ = {isa = PBXFileReference; lastKnownFileType = sourcecode.swift; path = DeliveryDetailsViewModel.swift; sourceTree = "<group>"; };
		81789F7B29D985ED0055CC53 /* WidgetKit.framework */ = {isa = PBXFileReference; lastKnownFileType = wrapper.framework; name = WidgetKit.framework; path = System/Library/Frameworks/WidgetKit.framework; sourceTree = SDKROOT; };
		81789F7D29D985ED0055CC53 /* SwiftUI.framework */ = {isa = PBXFileReference; lastKnownFileType = wrapper.framework; name = SwiftUI.framework; path = System/Library/Frameworks/SwiftUI.framework; sourceTree = SDKROOT; };
		81F5D58C29D96E9A001BF4FA /* Where is my Lego.app */ = {isa = PBXFileReference; explicitFileType = wrapper.application; includeInIndex = 0; path = "Where is my Lego.app"; sourceTree = BUILT_PRODUCTS_DIR; };
		81F5D58F29D96E9A001BF4FA /* MainApp.swift */ = {isa = PBXFileReference; lastKnownFileType = sourcecode.swift; path = MainApp.swift; sourceTree = "<group>"; };
		81F5D59129D96E9A001BF4FA /* LiveActivitiesList.swift */ = {isa = PBXFileReference; lastKnownFileType = sourcecode.swift; path = LiveActivitiesList.swift; sourceTree = "<group>"; };
		81F5D59329D96E9C001BF4FA /* Assets.xcassets */ = {isa = PBXFileReference; lastKnownFileType = folder.assetcatalog; path = Assets.xcassets; sourceTree = "<group>"; };
/* End PBXFileReference section */

/* Begin PBXFrameworksBuildPhase section */
		812CD41B29EC6C5400ED30F0 /* Frameworks */ = {
			isa = PBXFrameworksBuildPhase;
			buildActionMask = 2147483647;
			files = (
				812CD42029EC6C5400ED30F0 /* SwiftUI.framework in Frameworks */,
				812CD41F29EC6C5400ED30F0 /* WidgetKit.framework in Frameworks */,
			);
			runOnlyForDeploymentPostprocessing = 0;
		};
		81F5D58929D96E9A001BF4FA /* Frameworks */ = {
			isa = PBXFrameworksBuildPhase;
			buildActionMask = 2147483647;
			files = (
			);
			runOnlyForDeploymentPostprocessing = 0;
		};
/* End PBXFrameworksBuildPhase section */

/* Begin PBXGroup section */
		812CD42129EC6C5400ED30F0 /* LiveActivity */ = {
			isa = PBXGroup;
			children = (
				812CD42229EC6C5400ED30F0 /* LiveActivityBundle.swift */,
				812CD42429EC6C5400ED30F0 /* LiveActivityLiveActivity.swift */,
				812CD42829EC6C5600ED30F0 /* Assets.xcassets */,
				812CD42A29EC6C5600ED30F0 /* Info.plist */,
			);
			path = LiveActivity;
			sourceTree = "<group>";
		};
		81789F6C29D9776D0055CC53 /* Model */ = {
			isa = PBXGroup;
			children = (
				81789F6D29D9777A0055CC53 /* LegoDelivery.swift */,
				812CD43129EC6D6900ED30F0 /* LiveActivityAttributes.swift */,
			);
			path = Model;
			sourceTree = "<group>";
		};
		81789F7129D983AA0055CC53 /* View */ = {
			isa = PBXGroup;
			children = (
				81F5D59129D96E9A001BF4FA /* LiveActivitiesList.swift */,
				81789F6F29D97B000055CC53 /* DeliveryDetails.swift */,
			);
			path = View;
			sourceTree = "<group>";
		};
		81789F7229D983B30055CC53 /* ViewModel */ = {
			isa = PBXGroup;
			children = (
				81789F7329D983BF0055CC53 /* DeliveryDetailsViewModel.swift */,
				812CD41829EC625800ED30F0 /* LiveActivitiesListViewModel.swift */,
			);
			path = ViewModel;
			sourceTree = "<group>";
		};
		81789F7A29D985ED0055CC53 /* Frameworks */ = {
			isa = PBXGroup;
			children = (
				81789F7B29D985ED0055CC53 /* WidgetKit.framework */,
				81789F7D29D985ED0055CC53 /* SwiftUI.framework */,
			);
			name = Frameworks;
			sourceTree = "<group>";
		};
		81789F9329D98DEE0055CC53 /* Service */ = {
			isa = PBXGroup;
			children = (
			);
			path = Service;
			sourceTree = "<group>";
		};
		81F5D58329D96E9A001BF4FA = {
			isa = PBXGroup;
			children = (
				81F5D58E29D96E9A001BF4FA /* Where is my Lego */,
				812CD42129EC6C5400ED30F0 /* LiveActivity */,
				81789F7A29D985ED0055CC53 /* Frameworks */,
				81F5D58D29D96E9A001BF4FA /* Products */,
			);
			sourceTree = "<group>";
		};
		81F5D58D29D96E9A001BF4FA /* Products */ = {
			isa = PBXGroup;
			children = (
				81F5D58C29D96E9A001BF4FA /* Where is my Lego.app */,
				812CD41E29EC6C5400ED30F0 /* LiveActivityExtension.appex */,
			);
			name = Products;
			sourceTree = "<group>";
		};
		81F5D58E29D96E9A001BF4FA /* Where is my Lego */ = {
			isa = PBXGroup;
			children = (
				812CD40E29EAF4D000ED30F0 /* WhereIsMyLego.plist */,
				815ABEA529DB2E410034AC0B /* Where is my Lego.entitlements */,
				81789F9329D98DEE0055CC53 /* Service */,
				81789F7229D983B30055CC53 /* ViewModel */,
				81789F7129D983AA0055CC53 /* View */,
				81789F6C29D9776D0055CC53 /* Model */,
				81F5D58F29D96E9A001BF4FA /* MainApp.swift */,
				81F5D59329D96E9C001BF4FA /* Assets.xcassets */,
				812CD40F29EB02C900ED30F0 /* AppDelegate.swift */,
			);
			path = "Where is my Lego";
			sourceTree = "<group>";
		};
/* End PBXGroup section */

/* Begin PBXNativeTarget section */
		812CD41D29EC6C5400ED30F0 /* LiveActivityExtension */ = {
			isa = PBXNativeTarget;
			buildConfigurationList = 812CD43029EC6C5600ED30F0 /* Build configuration list for PBXNativeTarget "LiveActivityExtension" */;
			buildPhases = (
				812CD41A29EC6C5400ED30F0 /* Sources */,
				812CD41B29EC6C5400ED30F0 /* Frameworks */,
				812CD41C29EC6C5400ED30F0 /* Resources */,
			);
			buildRules = (
			);
			dependencies = (
			);
			name = LiveActivityExtension;
			productName = LiveActivityExtension;
			productReference = 812CD41E29EC6C5400ED30F0 /* LiveActivityExtension.appex */;
			productType = "com.apple.product-type.app-extension";
		};
		81F5D58B29D96E9A001BF4FA /* Where is my Lego */ = {
			isa = PBXNativeTarget;
			buildConfigurationList = 81F5D59A29D96E9C001BF4FA /* Build configuration list for PBXNativeTarget "Where is my Lego" */;
			buildPhases = (
				81F5D58829D96E9A001BF4FA /* Sources */,
				81F5D58929D96E9A001BF4FA /* Frameworks */,
				81F5D58A29D96E9A001BF4FA /* Resources */,
				81789F9229D985EE0055CC53 /* Embed Foundation Extensions */,
			);
			buildRules = (
			);
			dependencies = (
				812CD42C29EC6C5600ED30F0 /* PBXTargetDependency */,
			);
			name = "Where is my Lego";
			productName = "Where is my Lego";
			productReference = 81F5D58C29D96E9A001BF4FA /* Where is my Lego.app */;
			productType = "com.apple.product-type.application";
		};
/* End PBXNativeTarget section */

/* Begin PBXProject section */
		81F5D58429D96E9A001BF4FA /* Project object */ = {
			isa = PBXProject;
			attributes = {
				BuildIndependentTargetsInParallel = 1;
				LastSwiftUpdateCheck = 1430;
				LastUpgradeCheck = 1420;
				TargetAttributes = {
					812CD41D29EC6C5400ED30F0 = {
						CreatedOnToolsVersion = 14.3;
					};
					81F5D58B29D96E9A001BF4FA = {
						CreatedOnToolsVersion = 14.2;
					};
				};
			};
			buildConfigurationList = 81F5D58729D96E9A001BF4FA /* Build configuration list for PBXProject "Where is my Lego" */;
			compatibilityVersion = "Xcode 14.0";
			developmentRegion = en;
			hasScannedForEncodings = 0;
			knownRegions = (
				en,
				Base,
			);
			mainGroup = 81F5D58329D96E9A001BF4FA;
			productRefGroup = 81F5D58D29D96E9A001BF4FA /* Products */;
			projectDirPath = "";
			projectRoot = "";
			targets = (
				81F5D58B29D96E9A001BF4FA /* Where is my Lego */,
				812CD41D29EC6C5400ED30F0 /* LiveActivityExtension */,
			);
		};
/* End PBXProject section */

/* Begin PBXResourcesBuildPhase section */
		812CD41C29EC6C5400ED30F0 /* Resources */ = {
			isa = PBXResourcesBuildPhase;
			buildActionMask = 2147483647;
			files = (
				812CD42929EC6C5600ED30F0 /* Assets.xcassets in Resources */,
			);
			runOnlyForDeploymentPostprocessing = 0;
		};
		81F5D58A29D96E9A001BF4FA /* Resources */ = {
			isa = PBXResourcesBuildPhase;
			buildActionMask = 2147483647;
			files = (
				81F5D59429D96E9C001BF4FA /* Assets.xcassets in Resources */,
			);
			runOnlyForDeploymentPostprocessing = 0;
		};
/* End PBXResourcesBuildPhase section */

/* Begin PBXSourcesBuildPhase section */
		812CD41A29EC6C5400ED30F0 /* Sources */ = {
			isa = PBXSourcesBuildPhase;
			buildActionMask = 2147483647;
			files = (
				812CD42329EC6C5400ED30F0 /* LiveActivityBundle.swift in Sources */,
				812CD42529EC6C5400ED30F0 /* LiveActivityLiveActivity.swift in Sources */,
				812CD43329EC6D6B00ED30F0 /* LiveActivityAttributes.swift in Sources */,
			);
			runOnlyForDeploymentPostprocessing = 0;
		};
		81F5D58829D96E9A001BF4FA /* Sources */ = {
			isa = PBXSourcesBuildPhase;
			buildActionMask = 2147483647;
			files = (
				81789F6E29D9777A0055CC53 /* LegoDelivery.swift in Sources */,
				81F5D59229D96E9A001BF4FA /* LiveActivitiesList.swift in Sources */,
				81789F7429D983BF0055CC53 /* DeliveryDetailsViewModel.swift in Sources */,
				812CD43229EC6D6900ED30F0 /* LiveActivityAttributes.swift in Sources */,
				81789F7029D97B000055CC53 /* DeliveryDetails.swift in Sources */,
				81F5D59029D96E9A001BF4FA /* MainApp.swift in Sources */,
				812CD41029EB02C900ED30F0 /* AppDelegate.swift in Sources */,
				812CD41929EC625800ED30F0 /* LiveActivitiesListViewModel.swift in Sources */,
			);
			runOnlyForDeploymentPostprocessing = 0;
		};
/* End PBXSourcesBuildPhase section */

/* Begin PBXTargetDependency section */
		812CD42C29EC6C5600ED30F0 /* PBXTargetDependency */ = {
			isa = PBXTargetDependency;
			target = 812CD41D29EC6C5400ED30F0 /* LiveActivityExtension */;
			targetProxy = 812CD42B29EC6C5600ED30F0 /* PBXContainerItemProxy */;
		};
/* End PBXTargetDependency section */

/* Begin XCBuildConfiguration section */
		812CD42E29EC6C5600ED30F0 /* Debug */ = {
			isa = XCBuildConfiguration;
			buildSettings = {
				ASSETCATALOG_COMPILER_GLOBAL_ACCENT_COLOR_NAME = AccentColor;
				ASSETCATALOG_COMPILER_WIDGET_BACKGROUND_COLOR_NAME = WidgetBackground;
				CODE_SIGN_STYLE = Automatic;
				CURRENT_PROJECT_VERSION = 1;
				DEVELOPMENT_TEAM = HCM4M8MKGN;
				GENERATE_INFOPLIST_FILE = YES;
				INFOPLIST_FILE = LiveActivity/Info.plist;
				INFOPLIST_KEY_CFBundleDisplayName = LiveActivity;
				INFOPLIST_KEY_NSHumanReadableCopyright = "";
				INFOPLIST_KEY_NSSupportsLiveActivities = YES;
				INFOPLIST_KEY_NSSupportsLiveActivitiesFrequentUpdates = YES;
				LD_RUNPATH_SEARCH_PATHS = (
					"$(inherited)",
					"@executable_path/Frameworks",
					"@executable_path/../../Frameworks",
				);
				MARKETING_VERSION = 1.0;
				PRODUCT_BUNDLE_IDENTIFIER = filip.jablonski.practi.WhereIsMyLego.LiveActivity.LiveActivity;
				PRODUCT_NAME = "$(TARGET_NAME)";
				SKIP_INSTALL = YES;
				SWIFT_EMIT_LOC_STRINGS = YES;
				SWIFT_VERSION = 5.0;
				TARGETED_DEVICE_FAMILY = "1,2";
			};
			name = Debug;
		};
		812CD42F29EC6C5600ED30F0 /* Release */ = {
			isa = XCBuildConfiguration;
			buildSettings = {
				ASSETCATALOG_COMPILER_GLOBAL_ACCENT_COLOR_NAME = AccentColor;
				ASSETCATALOG_COMPILER_WIDGET_BACKGROUND_COLOR_NAME = WidgetBackground;
				CODE_SIGN_STYLE = Automatic;
				CURRENT_PROJECT_VERSION = 1;
				DEVELOPMENT_TEAM = HCM4M8MKGN;
				GENERATE_INFOPLIST_FILE = YES;
				INFOPLIST_FILE = LiveActivity/Info.plist;
				INFOPLIST_KEY_CFBundleDisplayName = LiveActivity;
				INFOPLIST_KEY_NSHumanReadableCopyright = "";
				INFOPLIST_KEY_NSSupportsLiveActivities = YES;
				INFOPLIST_KEY_NSSupportsLiveActivitiesFrequentUpdates = YES;
				LD_RUNPATH_SEARCH_PATHS = (
					"$(inherited)",
					"@executable_path/Frameworks",
					"@executable_path/../../Frameworks",
				);
				MARKETING_VERSION = 1.0;
				PRODUCT_BUNDLE_IDENTIFIER = filip.jablonski.practi.WhereIsMyLego.LiveActivity.LiveActivity;
				PRODUCT_NAME = "$(TARGET_NAME)";
				SKIP_INSTALL = YES;
				SWIFT_EMIT_LOC_STRINGS = YES;
				SWIFT_VERSION = 5.0;
				TARGETED_DEVICE_FAMILY = "1,2";
			};
			name = Release;
		};
		81F5D59829D96E9C001BF4FA /* Debug */ = {
			isa = XCBuildConfiguration;
			buildSettings = {
				ALWAYS_SEARCH_USER_PATHS = NO;
				CLANG_ANALYZER_NONNULL = YES;
				CLANG_ANALYZER_NUMBER_OBJECT_CONVERSION = YES_AGGRESSIVE;
				CLANG_CXX_LANGUAGE_STANDARD = "gnu++20";
				CLANG_ENABLE_MODULES = YES;
				CLANG_ENABLE_OBJC_ARC = YES;
				CLANG_ENABLE_OBJC_WEAK = YES;
				CLANG_WARN_BLOCK_CAPTURE_AUTORELEASING = YES;
				CLANG_WARN_BOOL_CONVERSION = YES;
				CLANG_WARN_COMMA = YES;
				CLANG_WARN_CONSTANT_CONVERSION = YES;
				CLANG_WARN_DEPRECATED_OBJC_IMPLEMENTATIONS = YES;
				CLANG_WARN_DIRECT_OBJC_ISA_USAGE = YES_ERROR;
				CLANG_WARN_DOCUMENTATION_COMMENTS = YES;
				CLANG_WARN_EMPTY_BODY = YES;
				CLANG_WARN_ENUM_CONVERSION = YES;
				CLANG_WARN_INFINITE_RECURSION = YES;
				CLANG_WARN_INT_CONVERSION = YES;
				CLANG_WARN_NON_LITERAL_NULL_CONVERSION = YES;
				CLANG_WARN_OBJC_IMPLICIT_RETAIN_SELF = YES;
				CLANG_WARN_OBJC_LITERAL_CONVERSION = YES;
				CLANG_WARN_OBJC_ROOT_CLASS = YES_ERROR;
				CLANG_WARN_QUOTED_INCLUDE_IN_FRAMEWORK_HEADER = YES;
				CLANG_WARN_RANGE_LOOP_ANALYSIS = YES;
				CLANG_WARN_STRICT_PROTOTYPES = YES;
				CLANG_WARN_SUSPICIOUS_MOVE = YES;
				CLANG_WARN_UNGUARDED_AVAILABILITY = YES_AGGRESSIVE;
				CLANG_WARN_UNREACHABLE_CODE = YES;
				CLANG_WARN__DUPLICATE_METHOD_MATCH = YES;
				COPY_PHASE_STRIP = NO;
				DEBUG_INFORMATION_FORMAT = dwarf;
				ENABLE_STRICT_OBJC_MSGSEND = YES;
				ENABLE_TESTABILITY = YES;
				GCC_C_LANGUAGE_STANDARD = gnu11;
				GCC_DYNAMIC_NO_PIC = NO;
				GCC_NO_COMMON_BLOCKS = YES;
				GCC_OPTIMIZATION_LEVEL = 0;
				GCC_PREPROCESSOR_DEFINITIONS = (
					"DEBUG=1",
					"$(inherited)",
				);
				GCC_WARN_64_TO_32_BIT_CONVERSION = YES;
				GCC_WARN_ABOUT_RETURN_TYPE = YES_ERROR;
				GCC_WARN_UNDECLARED_SELECTOR = YES;
				GCC_WARN_UNINITIALIZED_AUTOS = YES_AGGRESSIVE;
				GCC_WARN_UNUSED_FUNCTION = YES;
				GCC_WARN_UNUSED_VARIABLE = YES;
				IPHONEOS_DEPLOYMENT_TARGET = 16.4;
				MTL_ENABLE_DEBUG_INFO = INCLUDE_SOURCE;
				MTL_FAST_MATH = YES;
				ONLY_ACTIVE_ARCH = YES;
				SDKROOT = iphoneos;
				SWIFT_ACTIVE_COMPILATION_CONDITIONS = DEBUG;
				SWIFT_OPTIMIZATION_LEVEL = "-Onone";
			};
			name = Debug;
		};
		81F5D59929D96E9C001BF4FA /* Release */ = {
			isa = XCBuildConfiguration;
			buildSettings = {
				ALWAYS_SEARCH_USER_PATHS = NO;
				CLANG_ANALYZER_NONNULL = YES;
				CLANG_ANALYZER_NUMBER_OBJECT_CONVERSION = YES_AGGRESSIVE;
				CLANG_CXX_LANGUAGE_STANDARD = "gnu++20";
				CLANG_ENABLE_MODULES = YES;
				CLANG_ENABLE_OBJC_ARC = YES;
				CLANG_ENABLE_OBJC_WEAK = YES;
				CLANG_WARN_BLOCK_CAPTURE_AUTORELEASING = YES;
				CLANG_WARN_BOOL_CONVERSION = YES;
				CLANG_WARN_COMMA = YES;
				CLANG_WARN_CONSTANT_CONVERSION = YES;
				CLANG_WARN_DEPRECATED_OBJC_IMPLEMENTATIONS = YES;
				CLANG_WARN_DIRECT_OBJC_ISA_USAGE = YES_ERROR;
				CLANG_WARN_DOCUMENTATION_COMMENTS = YES;
				CLANG_WARN_EMPTY_BODY = YES;
				CLANG_WARN_ENUM_CONVERSION = YES;
				CLANG_WARN_INFINITE_RECURSION = YES;
				CLANG_WARN_INT_CONVERSION = YES;
				CLANG_WARN_NON_LITERAL_NULL_CONVERSION = YES;
				CLANG_WARN_OBJC_IMPLICIT_RETAIN_SELF = YES;
				CLANG_WARN_OBJC_LITERAL_CONVERSION = YES;
				CLANG_WARN_OBJC_ROOT_CLASS = YES_ERROR;
				CLANG_WARN_QUOTED_INCLUDE_IN_FRAMEWORK_HEADER = YES;
				CLANG_WARN_RANGE_LOOP_ANALYSIS = YES;
				CLANG_WARN_STRICT_PROTOTYPES = YES;
				CLANG_WARN_SUSPICIOUS_MOVE = YES;
				CLANG_WARN_UNGUARDED_AVAILABILITY = YES_AGGRESSIVE;
				CLANG_WARN_UNREACHABLE_CODE = YES;
				CLANG_WARN__DUPLICATE_METHOD_MATCH = YES;
				COPY_PHASE_STRIP = NO;
				DEBUG_INFORMATION_FORMAT = "dwarf-with-dsym";
				ENABLE_NS_ASSERTIONS = NO;
				ENABLE_STRICT_OBJC_MSGSEND = YES;
				GCC_C_LANGUAGE_STANDARD = gnu11;
				GCC_NO_COMMON_BLOCKS = YES;
				GCC_WARN_64_TO_32_BIT_CONVERSION = YES;
				GCC_WARN_ABOUT_RETURN_TYPE = YES_ERROR;
				GCC_WARN_UNDECLARED_SELECTOR = YES;
				GCC_WARN_UNINITIALIZED_AUTOS = YES_AGGRESSIVE;
				GCC_WARN_UNUSED_FUNCTION = YES;
				GCC_WARN_UNUSED_VARIABLE = YES;
				IPHONEOS_DEPLOYMENT_TARGET = 16.4;
				MTL_ENABLE_DEBUG_INFO = NO;
				MTL_FAST_MATH = YES;
				SDKROOT = iphoneos;
				SWIFT_COMPILATION_MODE = wholemodule;
				SWIFT_OPTIMIZATION_LEVEL = "-O";
				VALIDATE_PRODUCT = YES;
			};
			name = Release;
		};
		81F5D59B29D96E9C001BF4FA /* Debug */ = {
			isa = XCBuildConfiguration;
			buildSettings = {
				ALWAYS_EMBED_SWIFT_STANDARD_LIBRARIES = YES;
				ASSETCATALOG_COMPILER_APPICON_NAME = AppIcon;
				ASSETCATALOG_COMPILER_GLOBAL_ACCENT_COLOR_NAME = AccentColor;
				CODE_SIGN_ENTITLEMENTS = "Where is my Lego/Where is my Lego.entitlements";
				CODE_SIGN_STYLE = Automatic;
				CURRENT_PROJECT_VERSION = 1;
				DEVELOPMENT_ASSET_PATHS = "";
				DEVELOPMENT_TEAM = HCM4M8MKGN;
				ENABLE_PREVIEWS = YES;
				GENERATE_INFOPLIST_FILE = YES;
				INFOPLIST_FILE = WhereIsMyLego.plist;
				INFOPLIST_KEY_CFBundleDisplayName = "Where is my Lego";
				INFOPLIST_KEY_LSApplicationCategoryType = "public.app-category.education";
				INFOPLIST_KEY_NSSupportsLiveActivities = YES;
				INFOPLIST_KEY_NSSupportsLiveActivitiesFrequentUpdates = YES;
				INFOPLIST_KEY_UIApplicationSceneManifest_Generation = YES;
				INFOPLIST_KEY_UIApplicationSupportsIndirectInputEvents = YES;
				INFOPLIST_KEY_UILaunchScreen_Generation = YES;
				INFOPLIST_KEY_UISupportedInterfaceOrientations_iPad = "UIInterfaceOrientationPortrait UIInterfaceOrientationPortraitUpsideDown UIInterfaceOrientationLandscapeLeft UIInterfaceOrientationLandscapeRight";
				INFOPLIST_KEY_UISupportedInterfaceOrientations_iPhone = "UIInterfaceOrientationPortrait UIInterfaceOrientationLandscapeLeft UIInterfaceOrientationLandscapeRight";
				IPHONEOS_DEPLOYMENT_TARGET = 16.4;
				LD_RUNPATH_SEARCH_PATHS = (
					"$(inherited)",
					"@executable_path/Frameworks",
				);
				MARKETING_VERSION = 1.0;
				PRODUCT_BUNDLE_IDENTIFIER = filip.jablonski.practi.WhereIsMyLego.LiveActivity;
				PRODUCT_NAME = "$(TARGET_NAME)";
				SWIFT_EMIT_LOC_STRINGS = YES;
				SWIFT_VERSION = 5.0;
				TARGETED_DEVICE_FAMILY = "1,2";
			};
			name = Debug;
		};
		81F5D59C29D96E9C001BF4FA /* Release */ = {
			isa = XCBuildConfiguration;
			buildSettings = {
				ALWAYS_EMBED_SWIFT_STANDARD_LIBRARIES = YES;
				ASSETCATALOG_COMPILER_APPICON_NAME = AppIcon;
				ASSETCATALOG_COMPILER_GLOBAL_ACCENT_COLOR_NAME = AccentColor;
				CODE_SIGN_ENTITLEMENTS = "Where is my Lego/Where is my Lego.entitlements";
				CODE_SIGN_STYLE = Automatic;
				CURRENT_PROJECT_VERSION = 1;
				DEVELOPMENT_ASSET_PATHS = "";
				DEVELOPMENT_TEAM = HCM4M8MKGN;
				ENABLE_PREVIEWS = YES;
				GENERATE_INFOPLIST_FILE = YES;
				INFOPLIST_FILE = WhereIsMyLego.plist;
				INFOPLIST_KEY_CFBundleDisplayName = "Where is my Lego";
				INFOPLIST_KEY_LSApplicationCategoryType = "public.app-category.education";
				INFOPLIST_KEY_NSSupportsLiveActivities = YES;
				INFOPLIST_KEY_NSSupportsLiveActivitiesFrequentUpdates = YES;
				INFOPLIST_KEY_UIApplicationSceneManifest_Generation = YES;
				INFOPLIST_KEY_UIApplicationSupportsIndirectInputEvents = YES;
				INFOPLIST_KEY_UILaunchScreen_Generation = YES;
				INFOPLIST_KEY_UISupportedInterfaceOrientations_iPad = "UIInterfaceOrientationPortrait UIInterfaceOrientationPortraitUpsideDown UIInterfaceOrientationLandscapeLeft UIInterfaceOrientationLandscapeRight";
				INFOPLIST_KEY_UISupportedInterfaceOrientations_iPhone = "UIInterfaceOrientationPortrait UIInterfaceOrientationLandscapeLeft UIInterfaceOrientationLandscapeRight";
				IPHONEOS_DEPLOYMENT_TARGET = 16.4;
				LD_RUNPATH_SEARCH_PATHS = (
					"$(inherited)",
					"@executable_path/Frameworks",
				);
				MARKETING_VERSION = 1.0;
				PRODUCT_BUNDLE_IDENTIFIER = filip.jablonski.practi.WhereIsMyLego.LiveActivity;
				PRODUCT_NAME = "$(TARGET_NAME)";
				SWIFT_EMIT_LOC_STRINGS = YES;
				SWIFT_VERSION = 5.0;
				TARGETED_DEVICE_FAMILY = "1,2";
			};
			name = Release;
		};
/* End XCBuildConfiguration section */

/* Begin XCConfigurationList section */
		812CD43029EC6C5600ED30F0 /* Build configuration list for PBXNativeTarget "LiveActivityExtension" */ = {
			isa = XCConfigurationList;
			buildConfigurations = (
				812CD42E29EC6C5600ED30F0 /* Debug */,
				812CD42F29EC6C5600ED30F0 /* Release */,
			);
			defaultConfigurationIsVisible = 0;
			defaultConfigurationName = Release;
		};
		81F5D58729D96E9A001BF4FA /* Build configuration list for PBXProject "Where is my Lego" */ = {
			isa = XCConfigurationList;
			buildConfigurations = (
				81F5D59829D96E9C001BF4FA /* Debug */,
				81F5D59929D96E9C001BF4FA /* Release */,
			);
			defaultConfigurationIsVisible = 0;
			defaultConfigurationName = Release;
		};
		81F5D59A29D96E9C001BF4FA /* Build configuration list for PBXNativeTarget "Where is my Lego" */ = {
			isa = XCConfigurationList;
			buildConfigurations = (
				81F5D59B29D96E9C001BF4FA /* Debug */,
				81F5D59C29D96E9C001BF4FA /* Release */,
			);
			defaultConfigurationIsVisible = 0;
			defaultConfigurationName = Release;
		};
/* End XCConfigurationList section */
	};
	rootObject = 81F5D58429D96E9A001BF4FA /* Project object */;
}
